
Microsoft Visual Studio Solution File, Format Version 12.00
# Visual Studio Version 17
VisualStudioVersion = 17.12.35527.113
MinimumVisualStudioVersion = 10.0.40219.1
Project("{FAE04EC0-301F-11D3-BF4B-00C04F79EFBC}") = "Flowing.Api", "Flowing.Api.csproj", "{0F3D469D-7B9E-4436-AD51-365AFB9F9BF3}"
EndProject
Project("{FAE04EC0-301F-11D3-BF4B-00C04F79EFBC}") = "Flowing.Domain", "..\Flowing.Domain\Flowing.Domain.csproj", "{F1A7A69A-85C2-4D36-BFB1-D013AAFC9B6C}"
EndProject
Project("{FAE04EC0-301F-11D3-BF4B-00C04F79EFBC}") = "Flowing.Infrastructure", "..\Flowing.Infrastructure\Flowing.Infrastructure.csproj", "{BC7D6418-766E-4AA2-BA12-3F9ABEA2723B}"
	ProjectSection(ProjectDependencies) = postProject
		{F1A7A69A-85C2-4D36-BFB1-D013AAFC9B6C} = {F1A7A69A-85C2-4D36-BFB1-D013AAFC9B6C}
	EndProjectSection
EndProject
Project("{FAE04EC0-301F-11D3-BF4B-00C04F79EFBC}") = "Flowing.Tests", "..\Flowing.Tests\Flowing.Tests.csproj", "{7D326000-A078-4093-BC4A-4ED351603C64}"
EndProject
Global
	GlobalSection(SolutionConfigurationPlatforms) = preSolution
		Debug|Any CPU = Debug|Any CPU
		Release|Any CPU = Release|Any CPU
	EndGlobalSection
	GlobalSection(ProjectConfigurationPlatforms) = postSolution
		{0F3D469D-7B9E-4436-AD51-365AFB9F9BF3}.Debug|Any CPU.ActiveCfg = Debug|Any CPU
		{0F3D469D-7B9E-4436-AD51-365AFB9F9BF3}.Debug|Any CPU.Build.0 = Debug|Any CPU
		{0F3D469D-7B9E-4436-AD51-365AFB9F9BF3}.Release|Any CPU.ActiveCfg = Release|Any CPU
		{0F3D469D-7B9E-4436-AD51-365AFB9F9BF3}.Release|Any CPU.Build.0 = Release|Any CPU
		{F1A7A69A-85C2-4D36-BFB1-D013AAFC9B6C}.Debug|Any CPU.ActiveCfg = Debug|Any CPU
		{F1A7A69A-85C2-4D36-BFB1-D013AAFC9B6C}.Debug|Any CPU.Build.0 = Debug|Any CPU
		{F1A7A69A-85C2-4D36-BFB1-D013AAFC9B6C}.Release|Any CPU.ActiveCfg = Release|Any CPU
		{F1A7A69A-85C2-4D36-BFB1-D013AAFC9B6C}.Release|Any CPU.Build.0 = Release|Any CPU
		{BC7D6418-766E-4AA2-BA12-3F9ABEA2723B}.Debug|Any CPU.ActiveCfg = Debug|Any CPU
		{BC7D6418-766E-4AA2-BA12-3F9ABEA2723B}.Debug|Any CPU.Build.0 = Debug|Any CPU
		{BC7D6418-766E-4AA2-BA12-3F9ABEA2723B}.Release|Any CPU.ActiveCfg = Release|Any CPU
		{BC7D6418-766E-4AA2-BA12-3F9ABEA2723B}.Release|Any CPU.Build.0 = Release|Any CPU
		{7D326000-A078-4093-BC4A-4ED351603C64}.Debug|Any CPU.ActiveCfg = Debug|Any CPU
		{7D326000-A078-4093-BC4A-4ED351603C64}.Debug|Any CPU.Build.0 = Debug|Any CPU
		{7D326000-A078-4093-BC4A-4ED351603C64}.Release|Any CPU.ActiveCfg = Release|Any CPU
		{7D326000-A078-4093-BC4A-4ED351603C64}.Release|Any CPU.Build.0 = Release|Any CPU
	EndGlobalSection
	GlobalSection(SolutionProperties) = preSolution
		HideSolutionNode = FALSE
	EndGlobalSection
EndGlobal
